lockfileVersion: '9.0'

settings:
  autoInstallPeers: true
  excludeLinksFromLockfile: false

importers:
  .:
    dependencies:
      '@types/mdast':
        specifier: ^4.0.0
        version: 4.0.4
      devlop:
        specifier: ^1.0.0
        version: 1.1.0
      markdown-table:
        specifier: ^3.0.0
        version: 3.0.3
      mdast-util-from-markdown:
        specifier: ^2.0.0
        version: 2.0.1
      mdast-util-gfm-table:
        specifier: ^2.0.0
        version: 2.0.0
      mdast-util-to-markdown:
        specifier: ^2.0.0
        version: 2.1.0
      micromark-extension-gfm-table:
        specifier: ^2.0.0
        version: 2.1.0
      yaml:
        specifier: ^2.5.0
        version: 2.5.0
    devDependencies:
      '@types/node':
        specifier: ^20.0.0
        version: 20.14.13
      rollup:
        specifier: ^4.20.0
        version: 4.20.0

packages:
  '@rollup/rollup-android-arm-eabi@4.20.0':
    resolution:
      {
        integrity: sha512-TSpWzflCc4VGAUJZlPpgAJE1+V60MePDQnBd7PPkpuEmOy8i87aL6tinFGKBFKuEDikYpig72QzdT3QPYIi+oA==,
      }
    cpu: [arm]
    os: [android]

  '@rollup/rollup-android-arm64@4.20.0':
    resolution:
      {
        integrity: sha512-u00Ro/nok7oGzVuh/FMYfNoGqxU5CPWz1mxV85S2w9LxHR8OoMQBuSk+3BKVIDYgkpeOET5yXkx90OYFc+ytpQ==,
      }
    cpu: [arm64]
    os: [android]

  '@rollup/rollup-darwin-arm64@4.20.0':
    resolution:
      {
        integrity: sha512-uFVfvzvsdGtlSLuL0ZlvPJvl6ZmrH4CBwLGEFPe7hUmf7htGAN+aXo43R/V6LATyxlKVC/m6UsLb7jbG+LG39Q==,
      }
    cpu: [arm64]
    os: [darwin]

  '@rollup/rollup-darwin-x64@4.20.0':
    resolution:
      {
        integrity: sha512-xbrMDdlev53vNXexEa6l0LffojxhqDTBeL+VUxuuIXys4x6xyvbKq5XqTXBCEUA8ty8iEJblHvFaWRJTk/icAQ==,
      }
    cpu: [x64]
    os: [darwin]

  '@rollup/rollup-linux-arm-gnueabihf@4.20.0':
    resolution:
      {
        integrity: sha512-jMYvxZwGmoHFBTbr12Xc6wOdc2xA5tF5F2q6t7Rcfab68TT0n+r7dgawD4qhPEvasDsVpQi+MgDzj2faOLsZjA==,
      }
    cpu: [arm]
    os: [linux]

  '@rollup/rollup-linux-arm-musleabihf@4.20.0':
    resolution:
      {
        integrity: sha512-1asSTl4HKuIHIB1GcdFHNNZhxAYEdqML/MW4QmPS4G0ivbEcBr1JKlFLKsIRqjSwOBkdItn3/ZDlyvZ/N6KPlw==,
      }
    cpu: [arm]
    os: [linux]

  '@rollup/rollup-linux-arm64-gnu@4.20.0':
    resolution:
      {
        integrity: sha512-COBb8Bkx56KldOYJfMf6wKeYJrtJ9vEgBRAOkfw6Ens0tnmzPqvlpjZiLgkhg6cA3DGzCmLmmd319pmHvKWWlQ==,
      }
    cpu: [arm64]
    os: [linux]

  '@rollup/rollup-linux-arm64-musl@4.20.0':
    resolution:
      {
        integrity: sha512-+it+mBSyMslVQa8wSPvBx53fYuZK/oLTu5RJoXogjk6x7Q7sz1GNRsXWjn6SwyJm8E/oMjNVwPhmNdIjwP135Q==,
      }
    cpu: [arm64]
    os: [linux]

  '@rollup/rollup-linux-powerpc64le-gnu@4.20.0':
    resolution:
      {
        integrity: sha512-yAMvqhPfGKsAxHN8I4+jE0CpLWD8cv4z7CK7BMmhjDuz606Q2tFKkWRY8bHR9JQXYcoLfopo5TTqzxgPUjUMfw==,
      }
    cpu: [ppc64]
    os: [linux]

  '@rollup/rollup-linux-riscv64-gnu@4.20.0':
    resolution:
      {
        integrity: sha512-qmuxFpfmi/2SUkAw95TtNq/w/I7Gpjurx609OOOV7U4vhvUhBcftcmXwl3rqAek+ADBwSjIC4IVNLiszoj3dPA==,
      }
    cpu: [riscv64]
    os: [linux]

  '@rollup/rollup-linux-s390x-gnu@4.20.0':
    resolution:
      {
        integrity: sha512-I0BtGXddHSHjV1mqTNkgUZLnS3WtsqebAXv11D5BZE/gfw5KoyXSAXVqyJximQXNvNzUo4GKlCK/dIwXlz+jlg==,
      }
    cpu: [s390x]
    os: [linux]

  '@rollup/rollup-linux-x64-gnu@4.20.0':
    resolution:
      {
        integrity: sha512-y+eoL2I3iphUg9tN9GB6ku1FA8kOfmF4oUEWhztDJ4KXJy1agk/9+pejOuZkNFhRwHAOxMsBPLbXPd6mJiCwew==,
      }
    cpu: [x64]
    os: [linux]

  '@rollup/rollup-linux-x64-musl@4.20.0':
    resolution:
      {
        integrity: sha512-hM3nhW40kBNYUkZb/r9k2FKK+/MnKglX7UYd4ZUy5DJs8/sMsIbqWK2piZtVGE3kcXVNj3B2IrUYROJMMCikNg==,
      }
    cpu: [x64]
    os: [linux]

  '@rollup/rollup-win32-arm64-msvc@4.20.0':
    resolution:
      {
        integrity: sha512-psegMvP+Ik/Bg7QRJbv8w8PAytPA7Uo8fpFjXyCRHWm6Nt42L+JtoqH8eDQ5hRP7/XW2UiIriy1Z46jf0Oa1kA==,
      }
    cpu: [arm64]
    os: [win32]

  '@rollup/rollup-win32-ia32-msvc@4.20.0':
    resolution:
      {
        integrity: sha512-GabekH3w4lgAJpVxkk7hUzUf2hICSQO0a/BLFA11/RMxQT92MabKAqyubzDZmMOC/hcJNlc+rrypzNzYl4Dx7A==,
      }
    cpu: [ia32]
    os: [win32]

  '@rollup/rollup-win32-x64-msvc@4.20.0':
    resolution:
      {
        integrity: sha512-aJ1EJSuTdGnM6qbVC4B5DSmozPTqIag9fSzXRNNo+humQLG89XpPgdt16Ia56ORD7s+H8Pmyx44uczDQ0yDzpg==,
      }
    cpu: [x64]
    os: [win32]

  '@types/debug@4.1.12':
    resolution:
      {
        integrity: sha512-vIChWdVG3LG1SMxEvI/AK+FWJthlrqlTu7fbrlywTkkaONwk/UAGaULXRlf8vkzFBLVm0zkMdCquhL5aOjhXPQ==,
      }

  '@types/estree@1.0.5':
    resolution:
      {
        integrity: sha512-/kYRxGDLWzHOB7q+wtSUQlFrtcdUccpfy+X+9iMBpHK8QLLhx2wIPYuS5DYtR9Wa/YlZAbIovy7qVdB1Aq6Lyw==,
      }

  '@types/mdast@4.0.4':
    resolution:
      {
        integrity: sha512-kGaNbPh1k7AFzgpud/gMdvIm5xuECykRR+JnWKQno9TAXVa6WIVCGTPvYGekIDL4uwCZQSYbUxNBSb1aUo79oA==,
      }

  '@types/ms@0.7.34':
    resolution:
      {
        integrity: sha512-nG96G3Wp6acyAgJqGasjODb+acrI7KltPiRxzHPXnP3NgI28bpQDRv53olbqGXbfcgF5aiiHmO3xpwEpS5Ld9g==,
      }

  '@types/node@20.14.13':
    resolution:
      {
        integrity: sha512-+bHoGiZb8UiQ0+WEtmph2IWQCjIqg8MDZMAV+ppRRhUZnquF5mQkP/9vpSwJClEiSM/C7fZZExPzfU0vJTyp8w==,
      }

  '@types/unist@3.0.2':
    resolution:
      {
        integrity: sha512-dqId9J8K/vGi5Zr7oo212BGii5m3q5Hxlkwy3WpYuKPklmBEvsbMYYyLxAQpSffdLl/gdW0XUpKWFvYmyoWCoQ==,
      }

  character-entities@2.0.2:
    resolution:
      {
        integrity: sha512-shx7oQ0Awen/BRIdkjkvz54PnEEI/EjwXDSIZp86/KKdbafHh1Df/RYGBhn4hbe2+uKC9FnT5UCEdyPz3ai9hQ==,
      }

  debug@4.3.6:
    resolution:
      {
        integrity: sha512-O/09Bd4Z1fBrU4VzkhFqVgpPzaGbw6Sm9FEkBT1A/YBXQFGuuSxa1dN2nxgxS34JmKXqYx8CZAwEVoJFImUXIg==,
      }
    engines: { node: '>=6.0' }
    peerDependencies:
      supports-color: '*'
    peerDependenciesMeta:
      supports-color:
        optional: true

  decode-named-character-reference@1.0.2:
    resolution:
      {
        integrity: sha512-O8x12RzrUF8xyVcY0KJowWsmaJxQbmy0/EtnNtHRpsOcT7dFk5W598coHqBVpmWo1oQQfsCqfCmkZN5DJrZVdg==,
      }

  dequal@2.0.3:
    resolution:
      {
        integrity: sha512-0je+qPKHEMohvfRTCEo3CrPG6cAzAYgmzKyxRiYSSDkS6eGJdyVJm7WaYA5ECaAD9wLB2T4EEeymA5aFVcYXCA==,
      }
    engines: { node: '>=6' }

  devlop@1.1.0:
    resolution:
      {
        integrity: sha512-RWmIqhcFf1lRYBvNmr7qTNuyCt/7/ns2jbpp1+PalgE/rDQcBT0fioSMUpJ93irlUhC5hrg4cYqe6U+0ImW0rA==,
      }

  fsevents@2.3.3:
    resolution:
      {
        integrity: sha512-5xoDfX+fL7faATnagmWPpbFtwh/R77WmMMqqHGS65C3vvB0YHrgF+B1YmZ3441tMj5n63k0212XNoJwzlhffQw==,
      }
    engines: { node: ^8.16.0 || ^10.6.0 || >=11.0.0 }
    os: [darwin]

  longest-streak@3.1.0:
    resolution:
      {
        integrity: sha512-9Ri+o0JYgehTaVBBDoMqIl8GXtbWg711O3srftcHhZ0dqnETqLaoIK0x17fUw9rFSlK/0NlsKe0Ahhyl5pXE2g==,
      }

  markdown-table@3.0.3:
    resolution:
      {
        integrity: sha512-Z1NL3Tb1M9wH4XESsCDEksWoKTdlUafKc4pt0GRwjUyXaCFZ+dc3g2erqB6zm3szA2IUSi7VnPI+o/9jnxh9hw==,
      }

  mdast-util-from-markdown@2.0.1:
    resolution:
      {
        integrity: sha512-aJEUyzZ6TzlsX2s5B4Of7lN7EQtAxvtradMMglCQDyaTFgse6CmtmdJ15ElnVRlCg1vpNyVtbem0PWzlNieZsA==,
      }

  mdast-util-gfm-table@2.0.0:
    resolution:
      {
        integrity: sha512-78UEvebzz/rJIxLvE7ZtDd/vIQ0RHv+3Mh5DR96p7cS7HsBhYIICDBCu8csTNWNO6tBWfqXPWekRuj2FNOGOZg==,
      }

  mdast-util-phrasing@4.1.0:
    resolution:
      {
        integrity: sha512-TqICwyvJJpBwvGAMZjj4J2n0X8QWp21b9l0o7eXyVJ25YNWYbJDVIyD1bZXE6WtV6RmKJVYmQAKWa0zWOABz2w==,
      }

  mdast-util-to-markdown@2.1.0:
    resolution:
      {
        integrity: sha512-SR2VnIEdVNCJbP6y7kVTJgPLifdr8WEU440fQec7qHoHOUz/oJ2jmNRqdDQ3rbiStOXb2mCDGTuwsK5OPUgYlQ==,
      }

  mdast-util-to-string@4.0.0:
    resolution:
      {
        integrity: sha512-0H44vDimn51F0YwvxSJSm0eCDOJTRlmN0R1yBh4HLj9wiV1Dn0QoXGbvFAWj2hSItVTlCmBF1hqKlIyUBVFLPg==,
      }

  micromark-core-commonmark@2.0.1:
    resolution:
      {
        integrity: sha512-CUQyKr1e///ZODyD1U3xit6zXwy1a8q2a1S1HKtIlmgvurrEpaw/Y9y6KSIbF8P59cn/NjzHyO+Q2fAyYLQrAA==,
      }

  micromark-extension-gfm-table@2.1.0:
    resolution:
      {
        integrity: sha512-Ub2ncQv+fwD70/l4ou27b4YzfNaCJOvyX4HxXU15m7mpYY+rjuWzsLIPZHJL253Z643RpbcP1oeIJlQ/SKW67g==,
      }

  micromark-factory-destination@2.0.0:
    resolution:
      {
        integrity: sha512-j9DGrQLm/Uhl2tCzcbLhy5kXsgkHUrjJHg4fFAeoMRwJmJerT9aw4FEhIbZStWN8A3qMwOp1uzHr4UL8AInxtA==,
      }

  micromark-factory-label@2.0.0:
    resolution:
      {
        integrity: sha512-RR3i96ohZGde//4WSe/dJsxOX6vxIg9TimLAS3i4EhBAFx8Sm5SmqVfR8E87DPSR31nEAjZfbt91OMZWcNgdZw==,
      }

  micromark-factory-space@2.0.0:
    resolution:
      {
        integrity: sha512-TKr+LIDX2pkBJXFLzpyPyljzYK3MtmllMUMODTQJIUfDGncESaqB90db9IAUcz4AZAJFdd8U9zOp9ty1458rxg==,
      }

  micromark-factory-title@2.0.0:
    resolution:
      {
        integrity: sha512-jY8CSxmpWLOxS+t8W+FG3Xigc0RDQA9bKMY/EwILvsesiRniiVMejYTE4wumNc2f4UbAa4WsHqe3J1QS1sli+A==,
      }

  micromark-factory-whitespace@2.0.0:
    resolution:
      {
        integrity: sha512-28kbwaBjc5yAI1XadbdPYHX/eDnqaUFVikLwrO7FDnKG7lpgxnvk/XGRhX/PN0mOZ+dBSZ+LgunHS+6tYQAzhA==,
      }

  micromark-util-character@2.1.0:
    resolution:
      {
        integrity: sha512-KvOVV+X1yLBfs9dCBSopq/+G1PcgT3lAK07mC4BzXi5E7ahzMAF8oIupDDJ6mievI6F+lAATkbQQlQixJfT3aQ==,
      }

  micromark-util-chunked@2.0.0:
    resolution:
      {
        integrity: sha512-anK8SWmNphkXdaKgz5hJvGa7l00qmcaUQoMYsBwDlSKFKjc6gjGXPDw3FNL3Nbwq5L8gE+RCbGqTw49FK5Qyvg==,
      }

  micromark-util-classify-character@2.0.0:
    resolution:
      {
        integrity: sha512-S0ze2R9GH+fu41FA7pbSqNWObo/kzwf8rN/+IGlW/4tC6oACOs8B++bh+i9bVyNnwCcuksbFwsBme5OCKXCwIw==,
      }

  micromark-util-combine-extensions@2.0.0:
    resolution:
      {
        integrity: sha512-vZZio48k7ON0fVS3CUgFatWHoKbbLTK/rT7pzpJ4Bjp5JjkZeasRfrS9wsBdDJK2cJLHMckXZdzPSSr1B8a4oQ==,
      }

  micromark-util-decode-numeric-character-reference@2.0.1:
    resolution:
      {
        integrity: sha512-bmkNc7z8Wn6kgjZmVHOX3SowGmVdhYS7yBpMnuMnPzDq/6xwVA604DuOXMZTO1lvq01g+Adfa0pE2UKGlxL1XQ==,
      }

  micromark-util-decode-string@2.0.0:
    resolution:
      {
        integrity: sha512-r4Sc6leeUTn3P6gk20aFMj2ntPwn6qpDZqWvYmAG6NgvFTIlj4WtrAudLi65qYoaGdXYViXYw2pkmn7QnIFasA==,
      }

  micromark-util-encode@2.0.0:
    resolution:
      {
        integrity: sha512-pS+ROfCXAGLWCOc8egcBvT0kf27GoWMqtdarNfDcjb6YLuV5cM3ioG45Ys2qOVqeqSbjaKg72vU+Wby3eddPsA==,
      }

  micromark-util-html-tag-name@2.0.0:
    resolution:
      {
        integrity: sha512-xNn4Pqkj2puRhKdKTm8t1YHC/BAjx6CEwRFXntTaRf/x16aqka6ouVoutm+QdkISTlT7e2zU7U4ZdlDLJd2Mcw==,
      }

  micromark-util-normalize-identifier@2.0.0:
    resolution:
      {
        integrity: sha512-2xhYT0sfo85FMrUPtHcPo2rrp1lwbDEEzpx7jiH2xXJLqBuy4H0GgXk5ToU8IEwoROtXuL8ND0ttVa4rNqYK3w==,
      }

  micromark-util-resolve-all@2.0.0:
    resolution:
      {
        integrity: sha512-6KU6qO7DZ7GJkaCgwBNtplXCvGkJToU86ybBAUdavvgsCiG8lSSvYxr9MhwmQ+udpzywHsl4RpGJsYWG1pDOcA==,
      }

  micromark-util-sanitize-uri@2.0.0:
    resolution:
      {
        integrity: sha512-WhYv5UEcZrbAtlsnPuChHUAsu/iBPOVaEVsntLBIdpibO0ddy8OzavZz3iL2xVvBZOpolujSliP65Kq0/7KIYw==,
      }

  micromark-util-subtokenize@2.0.1:
    resolution:
      {
        integrity: sha512-jZNtiFl/1aY73yS3UGQkutD0UbhTt68qnRpw2Pifmz5wV9h8gOVsN70v+Lq/f1rKaU/W8pxRe8y8Q9FX1AOe1Q==,
      }

  micromark-util-symbol@2.0.0:
    resolution:
      {
        integrity: sha512-8JZt9ElZ5kyTnO94muPxIGS8oyElRJaiJO8EzV6ZSyGQ1Is8xwl4Q45qU5UOg+bGH4AikWziz0iN4sFLWs8PGw==,
      }

  micromark-util-types@2.0.0:
    resolution:
      {
        integrity: sha512-oNh6S2WMHWRZrmutsRmDDfkzKtxF+bc2VxLC9dvtrDIRFln627VsFP6fLMgTryGDljgLPjkrzQSDcPrjPyDJ5w==,
      }

  micromark@4.0.0:
    resolution:
      {
        integrity: sha512-o/sd0nMof8kYff+TqcDx3VSrgBTcZpSvYcAHIfHhv5VAuNmisCxjhx6YmxS8PFEpb9z5WKWKPdzf0jM23ro3RQ==,
      }

  ms@2.1.2:
    resolution:
      {
        integrity: sha512-sGkPx+VjMtmA6MX27oA4FBFELFCZZ4S4XqeGOXCv68tT+jb3vk/RyaKWP0PTKyWtmLSM0b+adUTEvbs1PEaH2w==,
      }

  rollup@4.20.0:
    resolution:
      {
        integrity: sha512-6rbWBChcnSGzIlXeIdNIZTopKYad8ZG8ajhl78lGRLsI2rX8IkaotQhVas2Ma+GPxJav19wrSzvRvuiv0YKzWw==,
      }
    engines: { node: '>=18.0.0', npm: '>=8.0.0' }
    hasBin: true

  undici-types@5.26.5:
    resolution:
      {
        integrity: sha512-JlCMO+ehdEIKqlFxk6IfVoAUVmgz7cU7zD/h9XZ0qzeosSHmUJVOzSQvvYSYWXkFXC+IfLKSIffhv0sVZup6pA==,
      }

  unist-util-is@6.0.0:
    resolution:
      {
        integrity: sha512-2qCTHimwdxLfz+YzdGfkqNlH0tLi9xjTnHddPmJwtIG9MGsdbutfTc4P+haPD7l7Cjxf/WZj+we5qfVPvvxfYw==,
      }

  unist-util-stringify-position@4.0.0:
    resolution:
      {
        integrity: sha512-0ASV06AAoKCDkS2+xw5RXJywruurpbC4JZSm7nr7MOt1ojAzvyyaO+UxZf18j8FCF6kmzCZKcAgN/yu2gm2XgQ==,
      }

  unist-util-visit-parents@6.0.1:
    resolution:
      {
        integrity: sha512-L/PqWzfTP9lzzEa6CKs0k2nARxTdZduw3zyh8d2NVBnsyvHjSX4TWse388YrrQKbvI8w20fGjGlhgT96WwKykw==,
      }

  unist-util-visit@5.0.0:
    resolution:
      {
        integrity: sha512-MR04uvD+07cwl/yhVuVWAtw+3GOR/knlL55Nd/wAdblk27GCVt3lqpTivy/tkJcZoNPzTwS1Y+KMojlLDhoTzg==,
      }

  yaml@2.5.0:
    resolution:
      {
        integrity: sha512-2wWLbGbYDiSqqIKoPjar3MPgB94ErzCtrNE1FdqGuaO0pi2JGjmE8aW8TDZwzU7vuxcGRdL/4gPQwQ7hD5AMSw==,
      }
    engines: { node: '>= 14' }
    hasBin: true

  zwitch@2.0.4:
    resolution:
      {
        integrity: sha512-bXE4cR/kVZhKZX/RjPEflHaKVhUVl85noU3v6b8apfQEc1x4A+zBxjZ4lN8LqGd6WZ3dl98pY4o717VFmoPp+A==,
      }

snapshots:
  '@rollup/rollup-android-arm-eabi@4.20.0':
    optional: true

  '@rollup/rollup-android-arm64@4.20.0':
    optional: true

  '@rollup/rollup-darwin-arm64@4.20.0':
    optional: true

  '@rollup/rollup-darwin-x64@4.20.0':
    optional: true

  '@rollup/rollup-linux-arm-gnueabihf@4.20.0':
    optional: true

  '@rollup/rollup-linux-arm-musleabihf@4.20.0':
    optional: true

  '@rollup/rollup-linux-arm64-gnu@4.20.0':
    optional: true

  '@rollup/rollup-linux-arm64-musl@4.20.0':
    optional: true

  '@rollup/rollup-linux-powerpc64le-gnu@4.20.0':
    optional: true

  '@rollup/rollup-linux-riscv64-gnu@4.20.0':
    optional: true

  '@rollup/rollup-linux-s390x-gnu@4.20.0':
    optional: true

  '@rollup/rollup-linux-x64-gnu@4.20.0':
    optional: true

  '@rollup/rollup-linux-x64-musl@4.20.0':
    optional: true

  '@rollup/rollup-win32-arm64-msvc@4.20.0':
    optional: true

  '@rollup/rollup-win32-ia32-msvc@4.20.0':
    optional: true

  '@rollup/rollup-win32-x64-msvc@4.20.0':
    optional: true

  '@types/debug@4.1.12':
    dependencies:
      '@types/ms': 0.7.34

  '@types/estree@1.0.5': {}

  '@types/mdast@4.0.4':
    dependencies:
      '@types/unist': 3.0.2

  '@types/ms@0.7.34': {}

  '@types/node@20.14.13':
    dependencies:
      undici-types: 5.26.5

  '@types/unist@3.0.2': {}

  character-entities@2.0.2: {}

  debug@4.3.6:
    dependencies:
      ms: 2.1.2

  decode-named-character-reference@1.0.2:
    dependencies:
      character-entities: 2.0.2

  dequal@2.0.3: {}

  devlop@1.1.0:
    dependencies:
      dequal: 2.0.3

  fsevents@2.3.3:
    optional: true

  longest-streak@3.1.0: {}

  markdown-table@3.0.3: {}

  mdast-util-from-markdown@2.0.1:
    dependencies:
      '@types/mdast': 4.0.4
      '@types/unist': 3.0.2
      decode-named-character-reference: 1.0.2
      devlop: 1.1.0
      mdast-util-to-string: 4.0.0
      micromark: 4.0.0
      micromark-util-decode-numeric-character-reference: 2.0.1
      micromark-util-decode-string: 2.0.0
      micromark-util-normalize-identifier: 2.0.0
      micromark-util-symbol: 2.0.0
      micromark-util-types: 2.0.0
      unist-util-stringify-position: 4.0.0
    transitivePeerDependencies:
      - supports-color

  mdast-util-gfm-table@2.0.0:
    dependencies:
      '@types/mdast': 4.0.4
      devlop: 1.1.0
      markdown-table: 3.0.3
      mdast-util-from-markdown: 2.0.1
      mdast-util-to-markdown: 2.1.0
    transitivePeerDependencies:
      - supports-color

  mdast-util-phrasing@4.1.0:
    dependencies:
      '@types/mdast': 4.0.4
      unist-util-is: 6.0.0

  mdast-util-to-markdown@2.1.0:
    dependencies:
      '@types/mdast': 4.0.4
      '@types/unist': 3.0.2
      longest-streak: 3.1.0
      mdast-util-phrasing: 4.1.0
      mdast-util-to-string: 4.0.0
      micromark-util-decode-string: 2.0.0
      unist-util-visit: 5.0.0
      zwitch: 2.0.4

  mdast-util-to-string@4.0.0:
    dependencies:
      '@types/mdast': 4.0.4

  micromark-core-commonmark@2.0.1:
    dependencies:
      decode-named-character-reference: 1.0.2
      devlop: 1.1.0
      micromark-factory-destination: 2.0.0
      micromark-factory-label: 2.0.0
      micromark-factory-space: 2.0.0
      micromark-factory-title: 2.0.0
      micromark-factory-whitespace: 2.0.0
      micromark-util-character: 2.1.0
      micromark-util-chunked: 2.0.0
      micromark-util-classify-character: 2.0.0
      micromark-util-html-tag-name: 2.0.0
      micromark-util-normalize-identifier: 2.0.0
      micromark-util-resolve-all: 2.0.0
      micromark-util-subtokenize: 2.0.1
      micromark-util-symbol: 2.0.0
      micromark-util-types: 2.0.0

  micromark-extension-gfm-table@2.1.0:
    dependencies:
      devlop: 1.1.0
      micromark-factory-space: 2.0.0
      micromark-util-character: 2.1.0
      micromark-util-symbol: 2.0.0
      micromark-util-types: 2.0.0

  micromark-factory-destination@2.0.0:
    dependencies:
      micromark-util-character: 2.1.0
      micromark-util-symbol: 2.0.0
      micromark-util-types: 2.0.0

  micromark-factory-label@2.0.0:
    dependencies:
      devlop: 1.1.0
      micromark-util-character: 2.1.0
      micromark-util-symbol: 2.0.0
      micromark-util-types: 2.0.0

  micromark-factory-space@2.0.0:
    dependencies:
      micromark-util-character: 2.1.0
      micromark-util-types: 2.0.0

  micromark-factory-title@2.0.0:
    dependencies:
      micromark-factory-space: 2.0.0
      micromark-util-character: 2.1.0
      micromark-util-symbol: 2.0.0
      micromark-util-types: 2.0.0

  micromark-factory-whitespace@2.0.0:
    dependencies:
      micromark-factory-space: 2.0.0
      micromark-util-character: 2.1.0
      micromark-util-symbol: 2.0.0
      micromark-util-types: 2.0.0

  micromark-util-character@2.1.0:
    dependencies:
      micromark-util-symbol: 2.0.0
      micromark-util-types: 2.0.0

  micromark-util-chunked@2.0.0:
    dependencies:
      micromark-util-symbol: 2.0.0

  micromark-util-classify-character@2.0.0:
    dependencies:
      micromark-util-character: 2.1.0
      micromark-util-symbol: 2.0.0
      micromark-util-types: 2.0.0

  micromark-util-combine-extensions@2.0.0:
    dependencies:
      micromark-util-chunked: 2.0.0
      micromark-util-types: 2.0.0

  micromark-util-decode-numeric-character-reference@2.0.1:
    dependencies:
      micromark-util-symbol: 2.0.0

  micromark-util-decode-string@2.0.0:
    dependencies:
      decode-named-character-reference: 1.0.2
      micromark-util-character: 2.1.0
      micromark-util-decode-numeric-character-reference: 2.0.1
      micromark-util-symbol: 2.0.0

  micromark-util-encode@2.0.0: {}

  micromark-util-html-tag-name@2.0.0: {}

  micromark-util-normalize-identifier@2.0.0:
    dependencies:
      micromark-util-symbol: 2.0.0

  micromark-util-resolve-all@2.0.0:
    dependencies:
      micromark-util-types: 2.0.0

  micromark-util-sanitize-uri@2.0.0:
    dependencies:
      micromark-util-character: 2.1.0
      micromark-util-encode: 2.0.0
      micromark-util-symbol: 2.0.0

  micromark-util-subtokenize@2.0.1:
    dependencies:
      devlop: 1.1.0
      micromark-util-chunked: 2.0.0
      micromark-util-symbol: 2.0.0
      micromark-util-types: 2.0.0

  micromark-util-symbol@2.0.0: {}

  micromark-util-types@2.0.0: {}

  micromark@4.0.0:
    dependencies:
      '@types/debug': 4.1.12
      debug: 4.3.6
      decode-named-character-reference: 1.0.2
      devlop: 1.1.0
      micromark-core-commonmark: 2.0.1
      micromark-factory-space: 2.0.0
      micromark-util-character: 2.1.0
      micromark-util-chunked: 2.0.0
      micromark-util-combine-extensions: 2.0.0
      micromark-util-decode-numeric-character-reference: 2.0.1
      micromark-util-encode: 2.0.0
      micromark-util-normalize-identifier: 2.0.0
      micromark-util-resolve-all: 2.0.0
      micromark-util-sanitize-uri: 2.0.0
      micromark-util-subtokenize: 2.0.1
      micromark-util-symbol: 2.0.0
      micromark-util-types: 2.0.0
    transitivePeerDependencies:
      - supports-color

  ms@2.1.2: {}

  rollup@4.20.0:
    dependencies:
      '@types/estree': 1.0.5
    optionalDependencies:
      '@rollup/rollup-android-arm-eabi': 4.20.0
      '@rollup/rollup-android-arm64': 4.20.0
      '@rollup/rollup-darwin-arm64': 4.20.0
      '@rollup/rollup-darwin-x64': 4.20.0
      '@rollup/rollup-linux-arm-gnueabihf': 4.20.0
      '@rollup/rollup-linux-arm-musleabihf': 4.20.0
      '@rollup/rollup-linux-arm64-gnu': 4.20.0
      '@rollup/rollup-linux-arm64-musl': 4.20.0
      '@rollup/rollup-linux-powerpc64le-gnu': 4.20.0
      '@rollup/rollup-linux-riscv64-gnu': 4.20.0
      '@rollup/rollup-linux-s390x-gnu': 4.20.0
      '@rollup/rollup-linux-x64-gnu': 4.20.0
      '@rollup/rollup-linux-x64-musl': 4.20.0
      '@rollup/rollup-win32-arm64-msvc': 4.20.0
      '@rollup/rollup-win32-ia32-msvc': 4.20.0
      '@rollup/rollup-win32-x64-msvc': 4.20.0
      fsevents: 2.3.3

  undici-types@5.26.5: {}

  unist-util-is@6.0.0:
    dependencies:
      '@types/unist': 3.0.2

  unist-util-stringify-position@4.0.0:
    dependencies:
      '@types/unist': 3.0.2

  unist-util-visit-parents@6.0.1:
    dependencies:
      '@types/unist': 3.0.2
      unist-util-is: 6.0.0

  unist-util-visit@5.0.0:
    dependencies:
      '@types/unist': 3.0.2
      unist-util-is: 6.0.0
      unist-util-visit-parents: 6.0.1

  yaml@2.5.0: {}

  zwitch@2.0.4: {}
