# This file is automatically @generated by Cargo.
# It is not intended for manual editing.
version = 3

[[package]]
name = "ark-std"
version = "0.4.0"
source = "registry+https://github.com/rust-lang/crates.io-index"
checksum = "94893f1e0c6eeab764ade8dc4c0db24caf4fe7cbbaafc0eba0a9030f447b5185"
dependencies = [
 "num-traits",
 "rand",
]

[[package]]
name = "autocfg"
version = "1.3.0"
source = "registry+https://github.com/rust-lang/crates.io-index"
checksum = "0c4b4d0bd25bd0b74681c0ad21497610ce1b7c91b1022cd21c80c6fbdd9476b0"

[[package]]
name = "bincode"
version = "1.3.3"
source = "registry+https://github.com/rust-lang/crates.io-index"
checksum = "b1f45e9417d87227c7a56d22e471c6206462cba514c7590c09aff4cf6d1ddcad"
dependencies = [
 "serde",
]

[[package]]
name = "byteorder"
version = "1.5.0"
source = "registry+https://github.com/rust-lang/crates.io-index"
checksum = "1fd0f2584146f6f2ef48085050886acf353beff7305ebd1ae69500e27c67f64b"

[[package]]
name = "cfg-if"
version = "1.0.0"
source = "registry+https://github.com/rust-lang/crates.io-index"
checksum = "baf1de4339761588bc0619e3cbc0120ee582ebb74b53b4efbf79117bd2da40fd"

[[package]]
name = "crossbeam-deque"
version = "0.8.5"
source = "registry+https://github.com/rust-lang/crates.io-index"
checksum = "613f8cc01fe9cf1a3eb3d7f488fd2fa8388403e97039e2f73692932e291a770d"
dependencies = [
 "crossbeam-epoch",
 "crossbeam-utils",
]

[[package]]
name = "crossbeam-epoch"
version = "0.9.18"
source = "registry+https://github.com/rust-lang/crates.io-index"
checksum = "5b82ac4a3c2ca9c3460964f020e1402edd5753411d7737aa39c3714ad1b5420e"
dependencies = [
 "crossbeam-utils",
]

[[package]]
name = "crossbeam-utils"
version = "0.8.20"
source = "registry+https://github.com/rust-lang/crates.io-index"
checksum = "22ec99545bb0ed0ea7bb9b8e1e9122ea386ff8a48c0922e43f36d45ab09e0e80"

[[package]]
name = "either"
version = "1.13.0"
source = "registry+https://github.com/rust-lang/crates.io-index"
checksum = "60b1af1c220855b6ceac025d3f6ecdd2b7c4894bfe9cd9bda4fbb4bc7c0d4cf0"

[[package]]
name = "gcd"
version = "2.3.0"
source = "registry+https://github.com/rust-lang/crates.io-index"
checksum = "1d758ba1b47b00caf47f24925c0074ecb20d6dfcffe7f6d53395c0465674841a"

[[package]]
name = "getrandom"
version = "0.2.15"
source = "registry+https://github.com/rust-lang/crates.io-index"
checksum = "c4567c8db10ae91089c99af84c68c38da3ec2f087c3f82960bcdbf3656b6f4d7"
dependencies = [
 "cfg-if",
 "libc",
 "wasi",
]

[[package]]
name = "itertools"
version = "0.12.1"
source = "registry+https://github.com/rust-lang/crates.io-index"
checksum = "ba291022dbbd398a455acf126c1e341954079855bc60dfdda641363bd6922569"
dependencies = [
 "either",
]

[[package]]
name = "itertools"
version = "0.13.0"
source = "registry+https://github.com/rust-lang/crates.io-index"
checksum = "413ee7dfc52ee1a4949ceeb7dbc8a33f2d6c088194d9f922fb8318faf1f01186"
dependencies = [
 "either",
]

[[package]]
name = "libc"
version = "0.2.158"
source = "registry+https://github.com/rust-lang/crates.io-index"
checksum = "d8adc4bb1803a324070e64a98ae98f38934d91957a99cfb3a43dcbc01bc56439"

[[package]]
name = "num-bigint"
version = "0.4.6"
source = "registry+https://github.com/rust-lang/crates.io-index"
checksum = "a5e44f723f1133c9deac646763579fdb3ac745e418f2a7af9cd0c431da1f20b9"
dependencies = [
 "num-integer",
 "num-traits",
 "rand",
]

[[package]]
name = "num-integer"
version = "0.1.46"
source = "registry+https://github.com/rust-lang/crates.io-index"
checksum = "7969661fd2958a5cb096e56c8e1ad0444ac2bbcd0061bd28660485a44879858f"
dependencies = [
 "num-traits",
]

[[package]]
name = "num-traits"
version = "0.2.19"
source = "registry+https://github.com/rust-lang/crates.io-index"
checksum = "071dfc062690e90b734c0b2273ce72ad0ffa95f0c74596bc250dcfd960262841"
dependencies = [
 "autocfg",
]

[[package]]
name = "nums"
version = "0.1.0"
source = "registry+https://github.com/rust-lang/crates.io-index"
checksum = "cf3c74f925fb8cfc49a8022f2afce48a0683b70f9e439885594e84c5edbf5b01"
dependencies = [
 "num-bigint",
 "num-integer",
 "num-traits",
 "rand",
]

[[package]]
name = "once_cell"
version = "1.19.0"
source = "registry+https://github.com/rust-lang/crates.io-index"
checksum = "3fdb12b2476b595f9358c5161aa467c2438859caa136dec86c26fdd2efe17b92"

[[package]]
name = "p3-air"
version = "0.1.0"
source = "git+https://github.com/Plonky3/Plonky3#b314769d90ef3d30369a608d43b44277bbf82e6a"
dependencies = [
 "p3-field",
 "p3-matrix",
]

[[package]]
name = "p3-challenger"
version = "0.1.0"
source = "git+https://github.com/Plonky3/Plonky3#b314769d90ef3d30369a608d43b44277bbf82e6a"
dependencies = [
 "p3-field",
 "p3-maybe-rayon",
 "p3-symmetric",
 "p3-util",
 "tracing",
]

[[package]]
name = "p3-commit"
version = "0.1.0"
source = "git+https://github.com/Plonky3/Plonky3#b314769d90ef3d30369a608d43b44277bbf82e6a"
dependencies = [
 "itertools 0.13.0",
 "p3-challenger",
 "p3-field",
 "p3-matrix",
 "p3-util",
 "serde",
]

[[package]]
name = "p3-dft"
version = "0.1.0"
source = "git+https://github.com/Plonky3/Plonky3#b314769d90ef3d30369a608d43b44277bbf82e6a"
dependencies = [
 "itertools 0.13.0",
 "p3-field",
 "p3-matrix",
 "p3-maybe-rayon",
 "p3-util",
 "tracing",
]

[[package]]
name = "p3-field"
version = "0.1.0"
source = "git+https://github.com/Plonky3/Plonky3#b314769d90ef3d30369a608d43b44277bbf82e6a"
dependencies = [
 "itertools 0.13.0",
 "num-bigint",
 "num-integer",
 "num-traits",
 "nums",
 "p3-util",
 "rand",
 "serde",
]

[[package]]
name = "p3-fri"
version = "0.1.0"
source = "git+https://github.com/Plonky3/Plonky3#b314769d90ef3d30369a608d43b44277bbf82e6a"
dependencies = [
 "itertools 0.13.0",
 "p3-challenger",
 "p3-commit",
 "p3-dft",
 "p3-field",
 "p3-interpolation",
 "p3-matrix",
 "p3-maybe-rayon",
 "p3-util",
 "serde",
 "tracing",
]

[[package]]
name = "p3-interpolation"
version = "0.1.0"
source = "git+https://github.com/Plonky3/Plonky3#b314769d90ef3d30369a608d43b44277bbf82e6a"
dependencies = [
 "p3-field",
 "p3-matrix",
 "p3-util",
]

[[package]]
name = "p3-koala-bear"
version = "0.1.0"
source = "git+https://github.com/Plonky3/Plonky3#b314769d90ef3d30369a608d43b44277bbf82e6a"
dependencies = [
 "p3-field",
 "p3-mds",
 "p3-monty-31",
 "p3-poseidon2",
 "p3-symmetric",
 "rand",
 "serde",
]

[[package]]
name = "p3-matrix"
version = "0.1.0"
source = "git+https://github.com/Plonky3/Plonky3#b314769d90ef3d30369a608d43b44277bbf82e6a"
dependencies = [
 "itertools 0.13.0",
 "p3-field",
 "p3-maybe-rayon",
 "p3-util",
 "rand",
 "serde",
 "tracing",
 "transpose",
]

[[package]]
name = "p3-maybe-rayon"
version = "0.1.0"
source = "git+https://github.com/Plonky3/Plonky3#b314769d90ef3d30369a608d43b44277bbf82e6a"

[[package]]
name = "p3-mds"
version = "0.1.0"
source = "git+https://github.com/Plonky3/Plonky3#b314769d90ef3d30369a608d43b44277bbf82e6a"
dependencies = [
 "itertools 0.12.1",
 "p3-dft",
 "p3-field",
 "p3-matrix",
 "p3-symmetric",
 "p3-util",
 "rand",
]

[[package]]
name = "p3-merkle-tree"
version = "0.1.0"
source = "git+https://github.com/Plonky3/Plonky3#b314769d90ef3d30369a608d43b44277bbf82e6a"
dependencies = [
 "itertools 0.13.0",
 "p3-commit",
 "p3-field",
 "p3-matrix",
 "p3-maybe-rayon",
 "p3-symmetric",
 "p3-util",
 "serde",
 "tracing",
]

[[package]]
name = "p3-monty-31"
version = "0.1.0"
source = "git+https://github.com/Plonky3/Plonky3#b314769d90ef3d30369a608d43b44277bbf82e6a"
dependencies = [
 "num-bigint",
 "p3-field",
 "p3-mds",
 "p3-poseidon2",
 "p3-symmetric",
 "rand",
 "serde",
]

[[package]]
name = "p3-poseidon2"
version = "0.1.0"
source = "git+https://github.com/Plonky3/Plonky3#b314769d90ef3d30369a608d43b44277bbf82e6a"
dependencies = [
 "gcd",
 "p3-field",
 "p3-mds",
 "p3-symmetric",
 "rand",
]

[[package]]
name = "p3-poseidon2-air"
version = "0.1.0"
source = "git+https://github.com/Plonky3/Plonky3#b314769d90ef3d30369a608d43b44277bbf82e6a"
dependencies = [
 "p3-air",
 "p3-field",
 "p3-matrix",
 "p3-maybe-rayon",
 "p3-util",
 "rand",
 "tracing",
]

[[package]]
name = "p3-symmetric"
version = "0.1.0"
source = "git+https://github.com/Plonky3/Plonky3#b314769d90ef3d30369a608d43b44277bbf82e6a"
dependencies = [
 "itertools 0.13.0",
 "p3-field",
 "serde",
]

[[package]]
name = "p3-uni-stark"
version = "0.1.0"
source = "git+https://github.com/Plonky3/Plonky3#b314769d90ef3d30369a608d43b44277bbf82e6a"
dependencies = [
 "itertools 0.13.0",
 "p3-air",
 "p3-challenger",
 "p3-commit",
 "p3-dft",
 "p3-field",
 "p3-matrix",
 "p3-maybe-rayon",
 "p3-util",
 "serde",
 "tracing",
]

[[package]]
name = "p3-util"
version = "0.1.0"
source = "git+https://github.com/Plonky3/Plonky3#b314769d90ef3d30369a608d43b44277bbf82e6a"
dependencies = [
 "serde",
]

[[package]]
name = "pin-project-lite"
version = "0.2.14"
source = "registry+https://github.com/rust-lang/crates.io-index"
checksum = "bda66fc9667c18cb2758a2ac84d1167245054bcf85d5d1aaa6923f45801bdd02"

[[package]]
name = "plonky3-hash-m31"
version = "0.1.0"
dependencies = [
 "ark-std",
 "bincode",
 "itertools 0.13.0",
 "p3-challenger",
 "p3-commit",
 "p3-dft",
 "p3-field",
 "p3-fri",
 "p3-koala-bear",
 "p3-matrix",
 "p3-merkle-tree",
 "p3-monty-31",
 "p3-poseidon2",
 "p3-poseidon2-air",
 "p3-symmetric",
 "p3-uni-stark",
 "rand",
 "rayon",
 "serde",
]

[[package]]
name = "ppv-lite86"
version = "0.2.20"
source = "registry+https://github.com/rust-lang/crates.io-index"
checksum = "77957b295656769bb8ad2b6a6b09d897d94f05c41b069aede1fcdaa675eaea04"
dependencies = [
 "zerocopy",
]

[[package]]
name = "proc-macro2"
version = "1.0.86"
source = "registry+https://github.com/rust-lang/crates.io-index"
checksum = "5e719e8df665df0d1c8fbfd238015744736151d4445ec0836b8e628aae103b77"
dependencies = [
 "unicode-ident",
]

[[package]]
name = "quote"
version = "1.0.37"
source = "registry+https://github.com/rust-lang/crates.io-index"
checksum = "b5b9d34b8991d19d98081b46eacdd8eb58c6f2b201139f7c5f643cc155a633af"
dependencies = [
 "proc-macro2",
]

[[package]]
name = "rand"
version = "0.8.5"
source = "registry+https://github.com/rust-lang/crates.io-index"
checksum = "34af8d1a0e25924bc5b7c43c079c942339d8f0a8b57c39049bef581b46327404"
dependencies = [
 "libc",
 "rand_chacha",
 "rand_core",
]

[[package]]
name = "rand_chacha"
version = "0.3.1"
source = "registry+https://github.com/rust-lang/crates.io-index"
checksum = "e6c10a63a0fa32252be49d21e7709d4d4baf8d231c2dbce1eaa8141b9b127d88"
dependencies = [
 "ppv-lite86",
 "rand_core",
]

[[package]]
name = "rand_core"
version = "0.6.4"
source = "registry+https://github.com/rust-lang/crates.io-index"
checksum = "ec0be4795e2f6a28069bec0b5ff3e2ac9bafc99e6a9a7dc3547996c5c816922c"
dependencies = [
 "getrandom",
]

[[package]]
name = "rayon"
version = "1.10.0"
source = "registry+https://github.com/rust-lang/crates.io-index"
checksum = "b418a60154510ca1a002a752ca9714984e21e4241e804d32555251faf8b78ffa"
dependencies = [
 "either",
 "rayon-core",
]

[[package]]
name = "rayon-core"
version = "1.12.1"
source = "registry+https://github.com/rust-lang/crates.io-index"
checksum = "1465873a3dfdaa8ae7cb14b4383657caab0b3e8a0aa9ae8e04b044854c8dfce2"
dependencies = [
 "crossbeam-deque",
 "crossbeam-utils",
]

[[package]]
name = "serde"
version = "1.0.209"
source = "registry+https://github.com/rust-lang/crates.io-index"
checksum = "99fce0ffe7310761ca6bf9faf5115afbc19688edd00171d81b1bb1b116c63e09"
dependencies = [
 "serde_derive",
]

[[package]]
name = "serde_derive"
version = "1.0.209"
source = "registry+https://github.com/rust-lang/crates.io-index"
checksum = "a5831b979fd7b5439637af1752d535ff49f4860c0f341d1baeb6faf0f4242170"
dependencies = [
 "proc-macro2",
 "quote",
 "syn",
]

[[package]]
name = "strength_reduce"
version = "0.2.4"
source = "registry+https://github.com/rust-lang/crates.io-index"
checksum = "fe895eb47f22e2ddd4dabc02bce419d2e643c8e3b585c78158b349195bc24d82"

[[package]]
name = "syn"
version = "2.0.77"
source = "registry+https://github.com/rust-lang/crates.io-index"
checksum = "9f35bcdf61fd8e7be6caf75f429fdca8beb3ed76584befb503b1569faee373ed"
dependencies = [
 "proc-macro2",
 "quote",
 "unicode-ident",
]

[[package]]
name = "tracing"
version = "0.1.40"
source = "registry+https://github.com/rust-lang/crates.io-index"
checksum = "c3523ab5a71916ccf420eebdf5521fcef02141234bbc0b8a49f2fdc4544364ef"
dependencies = [
 "pin-project-lite",
 "tracing-attributes",
 "tracing-core",
]

[[package]]
name = "tracing-attributes"
version = "0.1.27"
source = "registry+https://github.com/rust-lang/crates.io-index"
checksum = "34704c8d6ebcbc939824180af020566b01a7c01f80641264eba0999f6c2b6be7"
dependencies = [
 "proc-macro2",
 "quote",
 "syn",
]

[[package]]
name = "tracing-core"
version = "0.1.32"
source = "registry+https://github.com/rust-lang/crates.io-index"
checksum = "c06d3da6113f116aaee68e4d601191614c9053067f9ab7f6edbcb161237daa54"
dependencies = [
 "once_cell",
]

[[package]]
name = "transpose"
version = "0.2.3"
source = "registry+https://github.com/rust-lang/crates.io-index"
checksum = "1ad61aed86bc3faea4300c7aee358b4c6d0c8d6ccc36524c96e4c92ccf26e77e"
dependencies = [
 "num-integer",
 "strength_reduce",
]

[[package]]
name = "unicode-ident"
version = "1.0.12"
source = "registry+https://github.com/rust-lang/crates.io-index"
checksum = "3354b9ac3fae1ff6755cb6db53683adb661634f67557942dea4facebec0fee4b"

[[package]]
name = "wasi"
version = "0.11.0+wasi-snapshot-preview1"
source = "registry+https://github.com/rust-lang/crates.io-index"
checksum = "9c8d87e72b64a3b4db28d11ce29237c246188f4f51057d65a7eab63b7987e423"

[[package]]
name = "zerocopy"
version = "0.7.35"
source = "registry+https://github.com/rust-lang/crates.io-index"
checksum = "1b9b4fd18abc82b8136838da5d50bae7bdea537c574d8dc1a34ed098d6c166f0"
dependencies = [
 "byteorder",
 "zerocopy-derive",
]

[[package]]
name = "zerocopy-derive"
version = "0.7.35"
source = "registry+https://github.com/rust-lang/crates.io-index"
checksum = "fa4f8080344d4671fb4e831a13ad1e68092748387dfc4f55e356242fae12ce3e"
dependencies = [
 "proc-macro2",
 "quote",
 "syn",
]
